// !$*UTF8*$!
{
	archiveVersion = 1;
	classes = {
	};
	objectVersion = 56;
	objects = {

/* Begin PBXBuildFile section */
		2D3E9CA629C772E9003B38DB /* LocationMapView.swift in Sources */ = {isa = PBXBuildFile; fileRef = 2D3E9CA529C772E9003B38DB /* LocationMapView.swift */; };
		2D3E9CA829C772FE003B38DB /* LocationListView.swift in Sources */ = {isa = PBXBuildFile; fileRef = 2D3E9CA729C772FE003B38DB /* LocationListView.swift */; };
		2D3E9CAA29C77316003B38DB /* ProfileView.swift in Sources */ = {isa = PBXBuildFile; fileRef = 2D3E9CA929C77316003B38DB /* ProfileView.swift */; };
		2D3E9CAC29C778D4003B38DB /* AppTabView.swift in Sources */ = {isa = PBXBuildFile; fileRef = 2D3E9CAB29C778D4003B38DB /* AppTabView.swift */; };
		2D3E9CAF29C7810C003B38DB /* CloudKit.framework in Frameworks */ = {isa = PBXBuildFile; fileRef = 2D3E9CAE29C7810C003B38DB /* CloudKit.framework */; };
		2D3E9CB229C79A4F003B38DB /* Coloer.swift in Sources */ = {isa = PBXBuildFile; fileRef = 2D3E9CB129C79A4F003B38DB /* Coloer.swift */; };
		2D44621B29C9B1BB00868C9F /* LocationList Details.swift in Sources */ = {isa = PBXBuildFile; fileRef = 2D44621A29C9B1BA00868C9F /* LocationList Details.swift */; };
		2DE4F7BB299ACB90000370CB /* LocationModel.swift in Sources */ = {isa = PBXBuildFile; fileRef = 2DE4F7BA299ACB90000370CB /* LocationModel.swift */; };
		2DE4F7BD299ACBAF000370CB /* locationManger.swift in Sources */ = {isa = PBXBuildFile; fileRef = 2DE4F7BC299ACBAF000370CB /* locationManger.swift */; };
		2DFE96E52998F49D00244576 /* findingWaterApp.swift in Sources */ = {isa = PBXBuildFile; fileRef = 2DFE96E42998F49D00244576 /* findingWaterApp.swift */; };
		2DFE96E72998F49D00244576 /* ContentView.swift in Sources */ = {isa = PBXBuildFile; fileRef = 2DFE96E62998F49D00244576 /* ContentView.swift */; };
		2DFE96E92998F4A100244576 /* Assets.xcassets in Resources */ = {isa = PBXBuildFile; fileRef = 2DFE96E82998F4A100244576 /* Assets.xcassets */; };
		2DFE96ED2998F4A100244576 /* Preview Assets.xcassets in Resources */ = {isa = PBXBuildFile; fileRef = 2DFE96EC2998F4A100244576 /* Preview Assets.xcassets */; };
		F71622B929DE220A0023474D /* FirebaseAnalytics in Frameworks */ = {isa = PBXBuildFile; productRef = F71622B829DE220A0023474D /* FirebaseAnalytics */; };
		F71622BB29DE220A0023474D /* FirebaseFirestore in Frameworks */ = {isa = PBXBuildFile; productRef = F71622BA29DE220A0023474D /* FirebaseFirestore */; };
		F71622C129DEE7520023474D /* sources.swift in Sources */ = {isa = PBXBuildFile; fileRef = F71622C029DEE7520023474D /* sources.swift */; };
		F71622C429DEE9CF0023474D /* LocationMapViewModel.swift in Sources */ = {isa = PBXBuildFile; fileRef = F71622C329DEE9CF0023474D /* LocationMapViewModel.swift */; };
		F71622CE29E057240023474D /* GoogleService-Info.plist in Resources */ = {isa = PBXBuildFile; fileRef = F71622CD29E057240023474D /* GoogleService-Info.plist */; };
		F71622D029E0BD0B0023474D /* FirebaseFirestoreSwift in Frameworks */ = {isa = PBXBuildFile; productRef = F71622CF29E0BD0B0023474D /* FirebaseFirestoreSwift */; };
		F7225DAA2A484E550077075E /* UpdatePassword.swift in Sources */ = {isa = PBXBuildFile; fileRef = F7225DA92A484E550077075E /* UpdatePassword.swift */; };
		F72965DD2A4AEFAF00FDBCA0 /* ChangeProfile.swift in Sources */ = {isa = PBXBuildFile; fileRef = F72965DC2A4AEFAF00FDBCA0 /* ChangeProfile.swift */; };
		F73F548E29F951230004DC61 /* MapTest.swift in Sources */ = {isa = PBXBuildFile; fileRef = F73F548D29F951230004DC61 /* MapTest.swift */; };
		F74EA26D2A2939070090E75A /* CreateAccount.swift in Sources */ = {isa = PBXBuildFile; fileRef = F74EA26C2A2939070090E75A /* CreateAccount.swift */; };
		F74FADB729E565D500D3B376 /* Launch Screen.storyboard in Resources */ = {isa = PBXBuildFile; fileRef = F74FADB629E565D500D3B376 /* Launch Screen.storyboard */; };
		F74FADBB29E57E7B00D3B376 /* GetStarted.swift in Sources */ = {isa = PBXBuildFile; fileRef = F74FADBA29E57E7B00D3B376 /* GetStarted.swift */; };
		F75010C42A3BB6B1006FC851 /* locationDitels.swift in Sources */ = {isa = PBXBuildFile; fileRef = F75010C32A3BB6B1006FC851 /* locationDitels.swift */; };
		F770D3A62A51A18100B762E0 /* CheckMail.swift in Sources */ = {isa = PBXBuildFile; fileRef = F770D3A52A51A18100B762E0 /* CheckMail.swift */; };
		F7712BE629E2BF0900E1B59C /* Water tank.swift in Sources */ = {isa = PBXBuildFile; fileRef = F7712BE529E2BF0900E1B59C /* Water tank.swift */; };
		F7712BE829E2D45600E1B59C /* LocationListViewModel.swift in Sources */ = {isa = PBXBuildFile; fileRef = F7712BE729E2D45600E1B59C /* LocationListViewModel.swift */; };
		F789F6742A28F1F50024D784 /* LoginView.swift in Sources */ = {isa = PBXBuildFile; fileRef = F789F6732A28F1F50024D784 /* LoginView.swift */; };
		F789F6762A292C620024D784 /* SignupView.swift in Sources */ = {isa = PBXBuildFile; fileRef = F789F6752A292C610024D784 /* SignupView.swift */; };
		F78A210C2A4999E3008DE708 /* About.swift in Sources */ = {isa = PBXBuildFile; fileRef = F78A210B2A4999E3008DE708 /* About.swift */; };
		F79E43BF2A1E276700534A99 /* UserLocation.swift in Sources */ = {isa = PBXBuildFile; fileRef = F79E43BE2A1E276700534A99 /* UserLocation.swift */; };
		F79E43C12A1E279C00534A99 /* User.swift in Sources */ = {isa = PBXBuildFile; fileRef = F79E43C02A1E279C00534A99 /* User.swift */; };
		F7AF657829F7DCA0005F87CB /* BusinessView.swift in Sources */ = {isa = PBXBuildFile; fileRef = F7AF657729F7DCA0005F87CB /* BusinessView.swift */; };
		F7AF657A29F7F6C1005F87CB /* Testview.swift in Sources */ = {isa = PBXBuildFile; fileRef = F7AF657929F7F6C1005F87CB /* Testview.swift */; };
		F7C2669F2A435C7700CB414D /* UserAtTheWaterSource.swift in Sources */ = {isa = PBXBuildFile; fileRef = F7C2669E2A435C7700CB414D /* UserAtTheWaterSource.swift */; };
		F7C266A12A43909A00CB414D /* UserHere.swift in Sources */ = {isa = PBXBuildFile; fileRef = F7C266A02A43909A00CB414D /* UserHere.swift */; };
		F7CE91182A2BA0B8000063B6 /* FirebaseAuth in Frameworks */ = {isa = PBXBuildFile; productRef = F7CE91172A2BA0B8000063B6 /* FirebaseAuth */; };
		F7CE911A2A2BA375000063B6 /* FirebaseStorage in Frameworks */ = {isa = PBXBuildFile; productRef = F7CE91192A2BA375000063B6 /* FirebaseStorage */; };
		F7D497EC2A14E03F00DFDBE7 /* ContentView2.swift in Sources */ = {isa = PBXBuildFile; fileRef = F7D497EB2A14E03F00DFDBE7 /* ContentView2.swift */; };
		F7DE2F702A46056F00166327 /* Settings.swift in Sources */ = {isa = PBXBuildFile; fileRef = F7DE2F6F2A46056F00166327 /* Settings.swift */; };
		F7E175D429F72DD1001DDA90 /* Action .swift in Sources */ = {isa = PBXBuildFile; fileRef = F7E175D329F72DD1001DDA90 /* Action .swift */; };
		F7E175D629F72EF7001DDA90 /* Business.swift in Sources */ = {isa = PBXBuildFile; fileRef = F7E175D529F72EF7001DDA90 /* Business.swift */; };
		F7E175D829F73022001DDA90 /* MapController.swift in Sources */ = {isa = PBXBuildFile; fileRef = F7E175D729F73022001DDA90 /* MapController.swift */; };
		F7E1AB842A502F1800C518E0 /* Contacting.swift in Sources */ = {isa = PBXBuildFile; fileRef = F7E1AB832A502F1800C518E0 /* Contacting.swift */; };
		F7E1AB862A502F9A00C518E0 /* MailView .swift in Sources */ = {isa = PBXBuildFile; fileRef = F7E1AB852A502F9A00C518E0 /* MailView .swift */; };
		F7E1AB882A50357800C518E0 /* ResetPassword.swift in Sources */ = {isa = PBXBuildFile; fileRef = F7E1AB872A50357800C518E0 /* ResetPassword.swift */; };
		F7E1AB8A2A50369200C518E0 /* ResetPasswordViewModel.swift in Sources */ = {isa = PBXBuildFile; fileRef = F7E1AB892A50369200C518E0 /* ResetPasswordViewModel.swift */; };
		F7EB32002A51E3150099AC1D /* UpdatePasswordViewModel.swift in Sources */ = {isa = PBXBuildFile; fileRef = F7EB31FF2A51E3150099AC1D /* UpdatePasswordViewModel.swift */; };
		F7ED17832A474BD0005EABF9 /* UpdateEmail.swift in Sources */ = {isa = PBXBuildFile; fileRef = F7ED17822A474BD0005EABF9 /* UpdateEmail.swift */; };
/* End PBXBuildFile section */

/* Begin PBXFileReference section */
		2D3E9CA529C772E9003B38DB /* LocationMapView.swift */ = {isa = PBXFileReference; lastKnownFileType = sourcecode.swift; path = LocationMapView.swift; sourceTree = "<group>"; };
		2D3E9CA729C772FE003B38DB /* LocationListView.swift */ = {isa = PBXFileReference; lastKnownFileType = sourcecode.swift; path = LocationListView.swift; sourceTree = "<group>"; };
		2D3E9CA929C77316003B38DB /* ProfileView.swift */ = {isa = PBXFileReference; lastKnownFileType = sourcecode.swift; path = ProfileView.swift; sourceTree = "<group>"; };
		2D3E9CAB29C778D4003B38DB /* AppTabView.swift */ = {isa = PBXFileReference; lastKnownFileType = sourcecode.swift; path = AppTabView.swift; sourceTree = "<group>"; };
		2D3E9CAE29C7810C003B38DB /* CloudKit.framework */ = {isa = PBXFileReference; lastKnownFileType = wrapper.framework; name = CloudKit.framework; path = Platforms/iPhoneOS.platform/Developer/SDKs/iPhoneOS16.0.sdk/System/Library/Frameworks/CloudKit.framework; sourceTree = DEVELOPER_DIR; };
		2D3E9CB129C79A4F003B38DB /* Coloer.swift */ = {isa = PBXFileReference; lastKnownFileType = sourcecode.swift; path = Coloer.swift; sourceTree = "<group>"; };
		2D44621A29C9B1BA00868C9F /* LocationList Details.swift */ = {isa = PBXFileReference; lastKnownFileType = sourcecode.swift; path = "LocationList Details.swift"; sourceTree = "<group>"; };
		2DE4F7BA299ACB90000370CB /* LocationModel.swift */ = {isa = PBXFileReference; lastKnownFileType = sourcecode.swift; path = LocationModel.swift; sourceTree = "<group>"; };
		2DE4F7BC299ACBAF000370CB /* locationManger.swift */ = {isa = PBXFileReference; lastKnownFileType = sourcecode.swift; path = locationManger.swift; sourceTree = "<group>"; };
		2DFE96E12998F49D00244576 /* findingWater.app */ = {isa = PBXFileReference; explicitFileType = wrapper.application; includeInIndex = 0; path = findingWater.app; sourceTree = BUILT_PRODUCTS_DIR; };
		2DFE96E42998F49D00244576 /* findingWaterApp.swift */ = {isa = PBXFileReference; lastKnownFileType = sourcecode.swift; path = findingWaterApp.swift; sourceTree = "<group>"; };
		2DFE96E62998F49D00244576 /* ContentView.swift */ = {isa = PBXFileReference; lastKnownFileType = sourcecode.swift; path = ContentView.swift; sourceTree = "<group>"; };
		2DFE96E82998F4A100244576 /* Assets.xcassets */ = {isa = PBXFileReference; lastKnownFileType = folder.assetcatalog; path = Assets.xcassets; sourceTree = "<group>"; };
		2DFE96EA2998F4A100244576 /* findingWater.entitlements */ = {isa = PBXFileReference; lastKnownFileType = text.plist.entitlements; path = findingWater.entitlements; sourceTree = "<group>"; };
		2DFE96EC2998F4A100244576 /* Preview Assets.xcassets */ = {isa = PBXFileReference; lastKnownFileType = folder.assetcatalog; path = "Preview Assets.xcassets"; sourceTree = "<group>"; };
		F71622C029DEE7520023474D /* sources.swift */ = {isa = PBXFileReference; lastKnownFileType = sourcecode.swift; name = sources.swift; path = findingWater/sources.swift; sourceTree = SOURCE_ROOT; };
		F71622C329DEE9CF0023474D /* LocationMapViewModel.swift */ = {isa = PBXFileReference; lastKnownFileType = sourcecode.swift; path = LocationMapViewModel.swift; sourceTree = "<group>"; };
		F71622CD29E057240023474D /* GoogleService-Info.plist */ = {isa = PBXFileReference; fileEncoding = 4; lastKnownFileType = text.plist.xml; name = "GoogleService-Info.plist"; path = "../../GoogleService-Info.plist"; sourceTree = "<group>"; };
		F7225DA92A484E550077075E /* UpdatePassword.swift */ = {isa = PBXFileReference; lastKnownFileType = sourcecode.swift; path = UpdatePassword.swift; sourceTree = "<group>"; };
		F72965DC2A4AEFAF00FDBCA0 /* ChangeProfile.swift */ = {isa = PBXFileReference; lastKnownFileType = sourcecode.swift; path = ChangeProfile.swift; sourceTree = "<group>"; };
		F73F548D29F951230004DC61 /* MapTest.swift */ = {isa = PBXFileReference; lastKnownFileType = sourcecode.swift; path = MapTest.swift; sourceTree = "<group>"; };
		F74EA26C2A2939070090E75A /* CreateAccount.swift */ = {isa = PBXFileReference; lastKnownFileType = sourcecode.swift; path = CreateAccount.swift; sourceTree = "<group>"; };
		F74FADB629E565D500D3B376 /* Launch Screen.storyboard */ = {isa = PBXFileReference; lastKnownFileType = file.storyboard; path = "Launch Screen.storyboard"; sourceTree = "<group>"; };
		F74FADBA29E57E7B00D3B376 /* GetStarted.swift */ = {isa = PBXFileReference; lastKnownFileType = sourcecode.swift; path = GetStarted.swift; sourceTree = "<group>"; };
		F75010C32A3BB6B1006FC851 /* locationDitels.swift */ = {isa = PBXFileReference; lastKnownFileType = sourcecode.swift; path = locationDitels.swift; sourceTree = "<group>"; };
		F770D3A52A51A18100B762E0 /* CheckMail.swift */ = {isa = PBXFileReference; lastKnownFileType = sourcecode.swift; path = CheckMail.swift; sourceTree = "<group>"; };
		F7712BE529E2BF0900E1B59C /* Water tank.swift */ = {isa = PBXFileReference; lastKnownFileType = sourcecode.swift; path = "Water tank.swift"; sourceTree = "<group>"; };
		F7712BE729E2D45600E1B59C /* LocationListViewModel.swift */ = {isa = PBXFileReference; lastKnownFileType = sourcecode.swift; path = LocationListViewModel.swift; sourceTree = "<group>"; };
		F789F6732A28F1F50024D784 /* LoginView.swift */ = {isa = PBXFileReference; lastKnownFileType = sourcecode.swift; path = LoginView.swift; sourceTree = "<group>"; };
		F789F6752A292C610024D784 /* SignupView.swift */ = {isa = PBXFileReference; lastKnownFileType = sourcecode.swift; path = SignupView.swift; sourceTree = "<group>"; };
		F78A210B2A4999E3008DE708 /* About.swift */ = {isa = PBXFileReference; lastKnownFileType = sourcecode.swift; path = About.swift; sourceTree = "<group>"; };
		F79E43BE2A1E276700534A99 /* UserLocation.swift */ = {isa = PBXFileReference; lastKnownFileType = sourcecode.swift; path = UserLocation.swift; sourceTree = "<group>"; };
		F79E43C02A1E279C00534A99 /* User.swift */ = {isa = PBXFileReference; lastKnownFileType = sourcecode.swift; path = User.swift; sourceTree = "<group>"; };
		F7AF657729F7DCA0005F87CB /* BusinessView.swift */ = {isa = PBXFileReference; lastKnownFileType = sourcecode.swift; path = BusinessView.swift; sourceTree = "<group>"; };
		F7AF657929F7F6C1005F87CB /* Testview.swift */ = {isa = PBXFileReference; lastKnownFileType = sourcecode.swift; path = Testview.swift; sourceTree = "<group>"; };
		F7C2669E2A435C7700CB414D /* UserAtTheWaterSource.swift */ = {isa = PBXFileReference; lastKnownFileType = sourcecode.swift; path = UserAtTheWaterSource.swift; sourceTree = "<group>"; };
		F7C266A02A43909A00CB414D /* UserHere.swift */ = {isa = PBXFileReference; lastKnownFileType = sourcecode.swift; path = UserHere.swift; sourceTree = "<group>"; };
		F7D497EB2A14E03F00DFDBE7 /* ContentView2.swift */ = {isa = PBXFileReference; lastKnownFileType = sourcecode.swift; path = ContentView2.swift; sourceTree = "<group>"; };
		F7DE2F6F2A46056F00166327 /* Settings.swift */ = {isa = PBXFileReference; lastKnownFileType = sourcecode.swift; path = Settings.swift; sourceTree = "<group>"; };
		F7E175D329F72DD1001DDA90 /* Action .swift */ = {isa = PBXFileReference; lastKnownFileType = sourcecode.swift; path = "Action .swift"; sourceTree = "<group>"; };
		F7E175D529F72EF7001DDA90 /* Business.swift */ = {isa = PBXFileReference; lastKnownFileType = sourcecode.swift; path = Business.swift; sourceTree = "<group>"; };
		F7E175D729F73022001DDA90 /* MapController.swift */ = {isa = PBXFileReference; lastKnownFileType = sourcecode.swift; path = MapController.swift; sourceTree = "<group>"; };
		F7E1AB832A502F1800C518E0 /* Contacting.swift */ = {isa = PBXFileReference; lastKnownFileType = sourcecode.swift; path = Contacting.swift; sourceTree = "<group>"; };
		F7E1AB852A502F9A00C518E0 /* MailView .swift */ = {isa = PBXFileReference; lastKnownFileType = sourcecode.swift; path = "MailView .swift"; sourceTree = "<group>"; };
		F7E1AB872A50357800C518E0 /* ResetPassword.swift */ = {isa = PBXFileReference; lastKnownFileType = sourcecode.swift; path = ResetPassword.swift; sourceTree = "<group>"; };
		F7E1AB892A50369200C518E0 /* ResetPasswordViewModel.swift */ = {isa = PBXFileReference; lastKnownFileType = sourcecode.swift; path = ResetPasswordViewModel.swift; sourceTree = "<group>"; };
		F7EB31FF2A51E3150099AC1D /* UpdatePasswordViewModel.swift */ = {isa = PBXFileReference; lastKnownFileType = sourcecode.swift; path = UpdatePasswordViewModel.swift; sourceTree = "<group>"; };
		F7ED17822A474BD0005EABF9 /* UpdateEmail.swift */ = {isa = PBXFileReference; lastKnownFileType = sourcecode.swift; path = UpdateEmail.swift; sourceTree = "<group>"; };
/* End PBXFileReference section */

/* Begin PBXFrameworksBuildPhase section */
		2DFE96DE2998F49C00244576 /* Frameworks */ = {
			isa = PBXFrameworksBuildPhase;
			buildActionMask = 2147483647;
			files = (
				F71622B929DE220A0023474D /* FirebaseAnalytics in Frameworks */,
				F7CE91182A2BA0B8000063B6 /* FirebaseAuth in Frameworks */,
				2D3E9CAF29C7810C003B38DB /* CloudKit.framework in Frameworks */,
				F71622BB29DE220A0023474D /* FirebaseFirestore in Frameworks */,
				F71622D029E0BD0B0023474D /* FirebaseFirestoreSwift in Frameworks */,
				F7CE911A2A2BA375000063B6 /* FirebaseStorage in Frameworks */,
			);
			runOnlyForDeploymentPostprocessing = 0;
		};
/* End PBXFrameworksBuildPhase section */

/* Begin PBXGroup section */
		2D3E9CAD29C7810B003B38DB /* Frameworks */ = {
			isa = PBXGroup;
			children = (
				2D3E9CAE29C7810C003B38DB /* CloudKit.framework */,
			);
			name = Frameworks;
			sourceTree = "<group>";
		};
		2D3E9CB029C79A3A003B38DB /* extension  */ = {
			isa = PBXGroup;
			children = (
				2D3E9CB129C79A4F003B38DB /* Coloer.swift */,
			);
			path = "extension ";
			sourceTree = "<group>";
		};
		2D7028E629CC604C00D990CE /* View */ = {
			isa = PBXGroup;
			children = (
				2D44621A29C9B1BA00868C9F /* LocationList Details.swift */,
				2D3E9CA729C772FE003B38DB /* LocationListView.swift */,
				2D3E9CA929C77316003B38DB /* ProfileView.swift */,
				2D3E9CA529C772E9003B38DB /* LocationMapView.swift */,
				2D3E9CAB29C778D4003B38DB /* AppTabView.swift */,
				F74FADB629E565D500D3B376 /* Launch Screen.storyboard */,
				F74FADBA29E57E7B00D3B376 /* GetStarted.swift */,
				F7AF657729F7DCA0005F87CB /* BusinessView.swift */,
				F7AF657929F7F6C1005F87CB /* Testview.swift */,
				F73F548D29F951230004DC61 /* MapTest.swift */,
				F7D497EB2A14E03F00DFDBE7 /* ContentView2.swift */,
				F789F6732A28F1F50024D784 /* LoginView.swift */,
				F789F6752A292C610024D784 /* SignupView.swift */,
				F75010C32A3BB6B1006FC851 /* locationDitels.swift */,
				F7DE2F6F2A46056F00166327 /* Settings.swift */,
				F7ED17822A474BD0005EABF9 /* UpdateEmail.swift */,
				F7225DA92A484E550077075E /* UpdatePassword.swift */,
				F78A210B2A4999E3008DE708 /* About.swift */,
				F72965DC2A4AEFAF00FDBCA0 /* ChangeProfile.swift */,
				F7E1AB872A50357800C518E0 /* ResetPassword.swift */,
				F770D3A52A51A18100B762E0 /* CheckMail.swift */,
			);
			path = View;
			sourceTree = "<group>";
		};
		2DEC775329CDB51A00C520E5 /* Model */ = {
			isa = PBXGroup;
			children = (
				F71622C029DEE7520023474D /* sources.swift */,
			);
			path = Model;
			sourceTree = "<group>";
		};
		2DFE96D82998F49C00244576 = {
			isa = PBXGroup;
			children = (
				2DFE96E32998F49D00244576 /* findingWater */,
				2DFE96E22998F49D00244576 /* Products */,
				2D3E9CAD29C7810B003B38DB /* Frameworks */,
			);
			sourceTree = "<group>";
		};
		2DFE96E22998F49D00244576 /* Products */ = {
			isa = PBXGroup;
			children = (
				2DFE96E12998F49D00244576 /* findingWater.app */,
			);
			name = Products;
			sourceTree = "<group>";
		};
		2DFE96E32998F49D00244576 /* findingWater */ = {
			isa = PBXGroup;
			children = (
				F7E175D229F72DBD001DDA90 /* Models */,
				F71622C229DEE93B0023474D /* View model */,
				F71622CD29E057240023474D /* GoogleService-Info.plist */,
				2DEC775329CDB51A00C520E5 /* Model */,
				2D7028E629CC604C00D990CE /* View */,
				2D3E9CB029C79A3A003B38DB /* extension  */,
				2DFE96E42998F49D00244576 /* findingWaterApp.swift */,
				2DFE96E62998F49D00244576 /* ContentView.swift */,
				2DFE96E82998F4A100244576 /* Assets.xcassets */,
				2DFE96EA2998F4A100244576 /* findingWater.entitlements */,
				2DFE96EB2998F4A100244576 /* Preview Content */,
				2DE4F7BA299ACB90000370CB /* LocationModel.swift */,
				F7712BE529E2BF0900E1B59C /* Water tank.swift */,
			);
			path = findingWater;
			sourceTree = "<group>";
		};
		2DFE96EB2998F4A100244576 /* Preview Content */ = {
			isa = PBXGroup;
			children = (
				2DFE96EC2998F4A100244576 /* Preview Assets.xcassets */,
			);
			path = "Preview Content";
			sourceTree = "<group>";
		};
		F71622C229DEE93B0023474D /* View model */ = {
			isa = PBXGroup;
			children = (
				F71622C329DEE9CF0023474D /* LocationMapViewModel.swift */,
				F7712BE729E2D45600E1B59C /* LocationListViewModel.swift */,
				2DE4F7BC299ACBAF000370CB /* locationManger.swift */,
				F7E175D729F73022001DDA90 /* MapController.swift */,
				F79E43BE2A1E276700534A99 /* UserLocation.swift */,
				F74EA26C2A2939070090E75A /* CreateAccount.swift */,
				F7C2669E2A435C7700CB414D /* UserAtTheWaterSource.swift */,
				F7E1AB852A502F9A00C518E0 /* MailView .swift */,
				F7E1AB892A50369200C518E0 /* ResetPasswordViewModel.swift */,
				F7EB31FF2A51E3150099AC1D /* UpdatePasswordViewModel.swift */,
			);
			path = "View model";
			sourceTree = "<group>";
		};
		F7E175D229F72DBD001DDA90 /* Models */ = {
			isa = PBXGroup;
			children = (
				F7E175D329F72DD1001DDA90 /* Action .swift */,
				F7E175D529F72EF7001DDA90 /* Business.swift */,
				F79E43C02A1E279C00534A99 /* User.swift */,
				F7C266A02A43909A00CB414D /* UserHere.swift */,
				F7E1AB832A502F1800C518E0 /* Contacting.swift */,
			);
			path = Models;
			sourceTree = "<group>";
		};
/* End PBXGroup section */

/* Begin PBXNativeTarget section */
		2DFE96E02998F49C00244576 /* findingWater */ = {
			isa = PBXNativeTarget;
			buildConfigurationList = 2DFE96F02998F4A100244576 /* Build configuration list for PBXNativeTarget "findingWater" */;
			buildPhases = (
				2DFE96DD2998F49C00244576 /* Sources */,
				2DFE96DE2998F49C00244576 /* Frameworks */,
				2DFE96DF2998F49C00244576 /* Resources */,
				F78841CB2A42F50D000C09A6 /* ShellScript */,
			);
			buildRules = (
			);
			dependencies = (
			);
			name = findingWater;
			packageProductDependencies = (
				F71622B829DE220A0023474D /* FirebaseAnalytics */,
				F71622BA29DE220A0023474D /* FirebaseFirestore */,
				F71622CF29E0BD0B0023474D /* FirebaseFirestoreSwift */,
				F7CE91172A2BA0B8000063B6 /* FirebaseAuth */,
				F7CE91192A2BA375000063B6 /* FirebaseStorage */,
			);
			productName = findingWater;
			productReference = 2DFE96E12998F49D00244576 /* findingWater.app */;
			productType = "com.apple.product-type.application";
		};
/* End PBXNativeTarget section */

/* Begin PBXProject section */
		2DFE96D92998F49C00244576 /* Project object */ = {
			isa = PBXProject;
			attributes = {
				BuildIndependentTargetsInParallel = 1;
				LastSwiftUpdateCheck = 1400;
				LastUpgradeCheck = 1400;
				TargetAttributes = {
					2DFE96E02998F49C00244576 = {
						CreatedOnToolsVersion = 14.0.1;
					};
				};
			};
			buildConfigurationList = 2DFE96DC2998F49C00244576 /* Build configuration list for PBXProject "findingWater" */;
			compatibilityVersion = "Xcode 14.0";
			developmentRegion = en;
			hasScannedForEncodings = 0;
			knownRegions = (
				en,
				Base,
			);
			mainGroup = 2DFE96D82998F49C00244576;
			packageReferences = (
				F71622B729DE220A0023474D /* XCRemoteSwiftPackageReference "firebase-ios-sdk" */,
			);
			productRefGroup = 2DFE96E22998F49D00244576 /* Products */;
			projectDirPath = "";
			projectRoot = "";
			targets = (
				2DFE96E02998F49C00244576 /* findingWater */,
			);
		};
/* End PBXProject section */

/* Begin PBXResourcesBuildPhase section */
		2DFE96DF2998F49C00244576 /* Resources */ = {
			isa = PBXResourcesBuildPhase;
			buildActionMask = 2147483647;
			files = (
				2DFE96ED2998F4A100244576 /* Preview Assets.xcassets in Resources */,
				F71622CE29E057240023474D /* GoogleService-Info.plist in Resources */,
				F74FADB729E565D500D3B376 /* Launch Screen.storyboard in Resources */,
				2DFE96E92998F4A100244576 /* Assets.xcassets in Resources */,
			);
			runOnlyForDeploymentPostprocessing = 0;
		};
/* End PBXResourcesBuildPhase section */

/* Begin PBXShellScriptBuildPhase section */
		F78841CB2A42F50D000C09A6 /* ShellScript */ = {
			isa = PBXShellScriptBuildPhase;
			buildActionMask = 2147483647;
			files = (
			);
			inputFileListPaths = (
			);
			inputPaths = (
			);
			outputFileListPaths = (
			);
			outputPaths = (
			);
			runOnlyForDeploymentPostprocessing = 0;
			shellPath = /bin/sh;
			shellScript = "if which swiftlint >/dev/null; then\n  swiftlint\nelse\n  echo \"warning: SwiftLint not installed, download from https://github.com/realm/SwiftLint\"\nfi\n";
		};
/* End PBXShellScriptBuildPhase section */

/* Begin PBXSourcesBuildPhase section */
		2DFE96DD2998F49C00244576 /* Sources */ = {
			isa = PBXSourcesBuildPhase;
			buildActionMask = 2147483647;
			files = (
				F71622C129DEE7520023474D /* sources.swift in Sources */,
				2DFE96E72998F49D00244576 /* ContentView.swift in Sources */,
				2DE4F7BB299ACB90000370CB /* LocationModel.swift in Sources */,
				F770D3A62A51A18100B762E0 /* CheckMail.swift in Sources */,
				F7E175D629F72EF7001DDA90 /* Business.swift in Sources */,
				F7EB32002A51E3150099AC1D /* UpdatePasswordViewModel.swift in Sources */,
				F7AF657A29F7F6C1005F87CB /* Testview.swift in Sources */,
				2D3E9CA629C772E9003B38DB /* LocationMapView.swift in Sources */,
				F71622C429DEE9CF0023474D /* LocationMapViewModel.swift in Sources */,
				F7712BE829E2D45600E1B59C /* LocationListViewModel.swift in Sources */,
				F7225DAA2A484E550077075E /* UpdatePassword.swift in Sources */,
				F7E1AB842A502F1800C518E0 /* Contacting.swift in Sources */,
				F7E1AB882A50357800C518E0 /* ResetPassword.swift in Sources */,
				F7C266A12A43909A00CB414D /* UserHere.swift in Sources */,
				F7E175D429F72DD1001DDA90 /* Action .swift in Sources */,
				2D3E9CA829C772FE003B38DB /* LocationListView.swift in Sources */,
				F79E43BF2A1E276700534A99 /* UserLocation.swift in Sources */,
				2D44621B29C9B1BB00868C9F /* LocationList Details.swift in Sources */,
				2D3E9CB229C79A4F003B38DB /* Coloer.swift in Sources */,
				F78A210C2A4999E3008DE708 /* About.swift in Sources */,
				F789F6742A28F1F50024D784 /* LoginView.swift in Sources */,
				F74FADBB29E57E7B00D3B376 /* GetStarted.swift in Sources */,
				F7C2669F2A435C7700CB414D /* UserAtTheWaterSource.swift in Sources */,
				F7AF657829F7DCA0005F87CB /* BusinessView.swift in Sources */,
				F7712BE629E2BF0900E1B59C /* Water tank.swift in Sources */,
				2DE4F7BD299ACBAF000370CB /* locationManger.swift in Sources */,
				2D3E9CAA29C77316003B38DB /* ProfileView.swift in Sources */,
				F7DE2F702A46056F00166327 /* Settings.swift in Sources */,
				2D3E9CAC29C778D4003B38DB /* AppTabView.swift in Sources */,
				F72965DD2A4AEFAF00FDBCA0 /* ChangeProfile.swift in Sources */,
				F7ED17832A474BD0005EABF9 /* UpdateEmail.swift in Sources */,
				F73F548E29F951230004DC61 /* MapTest.swift in Sources */,
				F7E1AB862A502F9A00C518E0 /* MailView .swift in Sources */,
				F75010C42A3BB6B1006FC851 /* locationDitels.swift in Sources */,
				F79E43C12A1E279C00534A99 /* User.swift in Sources */,
				F7E175D829F73022001DDA90 /* MapController.swift in Sources */,
				2DFE96E52998F49D00244576 /* findingWaterApp.swift in Sources */,
				F7E1AB8A2A50369200C518E0 /* ResetPasswordViewModel.swift in Sources */,
				F789F6762A292C620024D784 /* SignupView.swift in Sources */,
				F74EA26D2A2939070090E75A /* CreateAccount.swift in Sources */,
				F7D497EC2A14E03F00DFDBE7 /* ContentView2.swift in Sources */,
			);
			runOnlyForDeploymentPostprocessing = 0;
		};
/* End PBXSourcesBuildPhase section */

/* Begin XCBuildConfiguration section */
		2DFE96EE2998F4A100244576 /* Debug */ = {
			isa = XCBuildConfiguration;
			buildSettings = {
				ALWAYS_SEARCH_USER_PATHS = NO;
				CLANG_ANALYZER_NONNULL = YES;
				CLANG_ANALYZER_NUMBER_OBJECT_CONVERSION = YES_AGGRESSIVE;
				CLANG_CXX_LANGUAGE_STANDARD = "gnu++20";
				CLANG_ENABLE_MODULES = YES;
				CLANG_ENABLE_OBJC_ARC = YES;
				CLANG_ENABLE_OBJC_WEAK = YES;
				CLANG_WARN_BLOCK_CAPTURE_AUTORELEASING = YES;
				CLANG_WARN_BOOL_CONVERSION = YES;
				CLANG_WARN_COMMA = YES;
				CLANG_WARN_CONSTANT_CONVERSION = YES;
				CLANG_WARN_DEPRECATED_OBJC_IMPLEMENTATIONS = YES;
				CLANG_WARN_DIRECT_OBJC_ISA_USAGE = YES_ERROR;
				CLANG_WARN_DOCUMENTATION_COMMENTS = YES;
				CLANG_WARN_EMPTY_BODY = YES;
				CLANG_WARN_ENUM_CONVERSION = YES;
				CLANG_WARN_INFINITE_RECURSION = YES;
				CLANG_WARN_INT_CONVERSION = YES;
				CLANG_WARN_NON_LITERAL_NULL_CONVERSION = YES;
				CLANG_WARN_OBJC_IMPLICIT_RETAIN_SELF = YES;
				CLANG_WARN_OBJC_LITERAL_CONVERSION = YES;
				CLANG_WARN_OBJC_ROOT_CLASS = YES_ERROR;
				CLANG_WARN_QUOTED_INCLUDE_IN_FRAMEWORK_HEADER = YES;
				CLANG_WARN_RANGE_LOOP_ANALYSIS = YES;
				CLANG_WARN_STRICT_PROTOTYPES = YES;
				CLANG_WARN_SUSPICIOUS_MOVE = YES;
				CLANG_WARN_UNGUARDED_AVAILABILITY = YES_AGGRESSIVE;
				CLANG_WARN_UNREACHABLE_CODE = YES;
				CLANG_WARN__DUPLICATE_METHOD_MATCH = YES;
				COPY_PHASE_STRIP = NO;
				DEBUG_INFORMATION_FORMAT = dwarf;
				ENABLE_STRICT_OBJC_MSGSEND = YES;
				ENABLE_TESTABILITY = YES;
				GCC_C_LANGUAGE_STANDARD = gnu11;
				GCC_DYNAMIC_NO_PIC = NO;
				GCC_NO_COMMON_BLOCKS = YES;
				GCC_OPTIMIZATION_LEVEL = 0;
				GCC_PREPROCESSOR_DEFINITIONS = (
					"DEBUG=1",
					"$(inherited)",
				);
				GCC_WARN_64_TO_32_BIT_CONVERSION = YES;
				GCC_WARN_ABOUT_RETURN_TYPE = YES_ERROR;
				GCC_WARN_UNDECLARED_SELECTOR = YES;
				GCC_WARN_UNINITIALIZED_AUTOS = YES_AGGRESSIVE;
				GCC_WARN_UNUSED_FUNCTION = YES;
				GCC_WARN_UNUSED_VARIABLE = YES;
				IPHONEOS_DEPLOYMENT_TARGET = 15.0;
				MTL_ENABLE_DEBUG_INFO = INCLUDE_SOURCE;
				MTL_FAST_MATH = YES;
				ONLY_ACTIVE_ARCH = YES;
				SWIFT_ACTIVE_COMPILATION_CONDITIONS = DEBUG;
				SWIFT_OPTIMIZATION_LEVEL = "-Onone";
			};
			name = Debug;
		};
		2DFE96EF2998F4A100244576 /* Release */ = {
			isa = XCBuildConfiguration;
			buildSettings = {
				ALWAYS_SEARCH_USER_PATHS = NO;
				CLANG_ANALYZER_NONNULL = YES;
				CLANG_ANALYZER_NUMBER_OBJECT_CONVERSION = YES_AGGRESSIVE;
				CLANG_CXX_LANGUAGE_STANDARD = "gnu++20";
				CLANG_ENABLE_MODULES = YES;
				CLANG_ENABLE_OBJC_ARC = YES;
				CLANG_ENABLE_OBJC_WEAK = YES;
				CLANG_WARN_BLOCK_CAPTURE_AUTORELEASING = YES;
				CLANG_WARN_BOOL_CONVERSION = YES;
				CLANG_WARN_COMMA = YES;
				CLANG_WARN_CONSTANT_CONVERSION = YES;
				CLANG_WARN_DEPRECATED_OBJC_IMPLEMENTATIONS = YES;
				CLANG_WARN_DIRECT_OBJC_ISA_USAGE = YES_ERROR;
				CLANG_WARN_DOCUMENTATION_COMMENTS = YES;
				CLANG_WARN_EMPTY_BODY = YES;
				CLANG_WARN_ENUM_CONVERSION = YES;
				CLANG_WARN_INFINITE_RECURSION = YES;
				CLANG_WARN_INT_CONVERSION = YES;
				CLANG_WARN_NON_LITERAL_NULL_CONVERSION = YES;
				CLANG_WARN_OBJC_IMPLICIT_RETAIN_SELF = YES;
				CLANG_WARN_OBJC_LITERAL_CONVERSION = YES;
				CLANG_WARN_OBJC_ROOT_CLASS = YES_ERROR;
				CLANG_WARN_QUOTED_INCLUDE_IN_FRAMEWORK_HEADER = YES;
				CLANG_WARN_RANGE_LOOP_ANALYSIS = YES;
				CLANG_WARN_STRICT_PROTOTYPES = YES;
				CLANG_WARN_SUSPICIOUS_MOVE = YES;
				CLANG_WARN_UNGUARDED_AVAILABILITY = YES_AGGRESSIVE;
				CLANG_WARN_UNREACHABLE_CODE = YES;
				CLANG_WARN__DUPLICATE_METHOD_MATCH = YES;
				COPY_PHASE_STRIP = NO;
				DEBUG_INFORMATION_FORMAT = "dwarf-with-dsym";
				ENABLE_NS_ASSERTIONS = NO;
				ENABLE_STRICT_OBJC_MSGSEND = YES;
				GCC_C_LANGUAGE_STANDARD = gnu11;
				GCC_NO_COMMON_BLOCKS = YES;
				GCC_WARN_64_TO_32_BIT_CONVERSION = YES;
				GCC_WARN_ABOUT_RETURN_TYPE = YES_ERROR;
				GCC_WARN_UNDECLARED_SELECTOR = YES;
				GCC_WARN_UNINITIALIZED_AUTOS = YES_AGGRESSIVE;
				GCC_WARN_UNUSED_FUNCTION = YES;
				GCC_WARN_UNUSED_VARIABLE = YES;
				IPHONEOS_DEPLOYMENT_TARGET = 15.0;
				MTL_ENABLE_DEBUG_INFO = NO;
				MTL_FAST_MATH = YES;
				SWIFT_COMPILATION_MODE = wholemodule;
				SWIFT_OPTIMIZATION_LEVEL = "-O";
			};
			name = Release;
		};
		2DFE96F12998F4A100244576 /* Debug */ = {
			isa = XCBuildConfiguration;
			buildSettings = {
				ASSETCATALOG_COMPILER_APPICON_NAME = AppIcon;
				ASSETCATALOG_COMPILER_GLOBAL_ACCENT_COLOR_NAME = AccentColor;
				ASSETCATALOG_COMPILER_INCLUDE_ALL_APPICON_ASSETS = YES;
				CODE_SIGN_ENTITLEMENTS = findingWater/findingWater.entitlements;
				CODE_SIGN_STYLE = Automatic;
				CURRENT_PROJECT_VERSION = 1;
				DEVELOPMENT_ASSET_PATHS = "\"findingWater/Preview Content\"";
				DEVELOPMENT_TEAM = 2H8H3AS73K;
				ENABLE_PREVIEWS = YES;
				GENERATE_INFOPLIST_FILE = YES;
				"INFOPLIST_KEY_UIApplicationSceneManifest_Generation[sdk=iphoneos*]" = YES;
				"INFOPLIST_KEY_UIApplicationSceneManifest_Generation[sdk=iphonesimulator*]" = YES;
				"INFOPLIST_KEY_UIApplicationSupportsIndirectInputEvents[sdk=iphoneos*]" = YES;
				"INFOPLIST_KEY_UIApplicationSupportsIndirectInputEvents[sdk=iphonesimulator*]" = YES;
				"INFOPLIST_KEY_UILaunchScreen_Generation[sdk=iphoneos*]" = YES;
				"INFOPLIST_KEY_UILaunchScreen_Generation[sdk=iphonesimulator*]" = YES;
				INFOPLIST_KEY_UILaunchStoryboardName = "Launch Screen.storyboard";
				"INFOPLIST_KEY_UIStatusBarStyle[sdk=iphoneos*]" = UIStatusBarStyleDefault;
				"INFOPLIST_KEY_UIStatusBarStyle[sdk=iphonesimulator*]" = UIStatusBarStyleDefault;
				INFOPLIST_KEY_UISupportedInterfaceOrientations_iPad = "UIInterfaceOrientationPortrait UIInterfaceOrientationPortraitUpsideDown UIInterfaceOrientationLandscapeLeft UIInterfaceOrientationLandscapeRight";
				INFOPLIST_KEY_UISupportedInterfaceOrientations_iPhone = "UIInterfaceOrientationPortrait UIInterfaceOrientationLandscapeLeft UIInterfaceOrientationLandscapeRight";
				IPHONEOS_DEPLOYMENT_TARGET = 15.0;
				LD_RUNPATH_SEARCH_PATHS = "@executable_path/Frameworks";
				"LD_RUNPATH_SEARCH_PATHS[sdk=macosx*]" = "@executable_path/../Frameworks";
				MACOSX_DEPLOYMENT_TARGET = 12.3;
				MARKETING_VERSION = 1.0;
				PRODUCT_BUNDLE_IDENTIFIER = me.ramzi.findingWater;
				PRODUCT_NAME = "$(TARGET_NAME)";
				SDKROOT = auto;
				SUPPORTED_PLATFORMS = "iphoneos iphonesimulator macosx";
				SWIFT_EMIT_LOC_STRINGS = YES;
				SWIFT_VERSION = 5.0;
				TARGETED_DEVICE_FAMILY = "1,2";
			};
			name = Debug;
		};
		2DFE96F22998F4A100244576 /* Release */ = {
			isa = XCBuildConfiguration;
			buildSettings = {
				ASSETCATALOG_COMPILER_APPICON_NAME = AppIcon;
				ASSETCATALOG_COMPILER_GLOBAL_ACCENT_COLOR_NAME = AccentColor;
				ASSETCATALOG_COMPILER_INCLUDE_ALL_APPICON_ASSETS = YES;
				CODE_SIGN_ENTITLEMENTS = findingWater/findingWater.entitlements;
				CODE_SIGN_STYLE = Automatic;
				CURRENT_PROJECT_VERSION = 1;
				DEVELOPMENT_ASSET_PATHS = "\"findingWater/Preview Content\"";
				DEVELOPMENT_TEAM = 2H8H3AS73K;
				ENABLE_PREVIEWS = YES;
				GENERATE_INFOPLIST_FILE = YES;
				"INFOPLIST_KEY_UIApplicationSceneManifest_Generation[sdk=iphoneos*]" = YES;
				"INFOPLIST_KEY_UIApplicationSceneManifest_Generation[sdk=iphonesimulator*]" = YES;
				"INFOPLIST_KEY_UIApplicationSupportsIndirectInputEvents[sdk=iphoneos*]" = YES;
				"INFOPLIST_KEY_UIApplicationSupportsIndirectInputEvents[sdk=iphonesimulator*]" = YES;
				"INFOPLIST_KEY_UILaunchScreen_Generation[sdk=iphoneos*]" = YES;
				"INFOPLIST_KEY_UILaunchScreen_Generation[sdk=iphonesimulator*]" = YES;
				INFOPLIST_KEY_UILaunchStoryboardName = "Launch Screen.storyboard";
				"INFOPLIST_KEY_UIStatusBarStyle[sdk=iphoneos*]" = UIStatusBarStyleDefault;
				"INFOPLIST_KEY_UIStatusBarStyle[sdk=iphonesimulator*]" = UIStatusBarStyleDefault;
				INFOPLIST_KEY_UISupportedInterfaceOrientations_iPad = "UIInterfaceOrientationPortrait UIInterfaceOrientationPortraitUpsideDown UIInterfaceOrientationLandscapeLeft UIInterfaceOrientationLandscapeRight";
				INFOPLIST_KEY_UISupportedInterfaceOrientations_iPhone = "UIInterfaceOrientationPortrait UIInterfaceOrientationLandscapeLeft UIInterfaceOrientationLandscapeRight";
				IPHONEOS_DEPLOYMENT_TARGET = 15.0;
				LD_RUNPATH_SEARCH_PATHS = "@executable_path/Frameworks";
				"LD_RUNPATH_SEARCH_PATHS[sdk=macosx*]" = "@executable_path/../Frameworks";
				MACOSX_DEPLOYMENT_TARGET = 12.3;
				MARKETING_VERSION = 1.0;
				PRODUCT_BUNDLE_IDENTIFIER = me.ramzi.findingWater;
				PRODUCT_NAME = "$(TARGET_NAME)";
				SDKROOT = auto;
				SUPPORTED_PLATFORMS = "iphoneos iphonesimulator macosx";
				SWIFT_EMIT_LOC_STRINGS = YES;
				SWIFT_VERSION = 5.0;
				TARGETED_DEVICE_FAMILY = "1,2";
			};
			name = Release;
		};
/* End XCBuildConfiguration section */

/* Begin XCConfigurationList section */
		2DFE96DC2998F49C00244576 /* Build configuration list for PBXProject "findingWater" */ = {
			isa = XCConfigurationList;
			buildConfigurations = (
				2DFE96EE2998F4A100244576 /* Debug */,
				2DFE96EF2998F4A100244576 /* Release */,
			);
			defaultConfigurationIsVisible = 0;
			defaultConfigurationName = Release;
		};
		2DFE96F02998F4A100244576 /* Build configuration list for PBXNativeTarget "findingWater" */ = {
			isa = XCConfigurationList;
			buildConfigurations = (
				2DFE96F12998F4A100244576 /* Debug */,
				2DFE96F22998F4A100244576 /* Release */,
			);
			defaultConfigurationIsVisible = 0;
			defaultConfigurationName = Release;
		};
/* End XCConfigurationList section */

/* Begin XCRemoteSwiftPackageReference section */
		F71622B729DE220A0023474D /* XCRemoteSwiftPackageReference "firebase-ios-sdk" */ = {
			isa = XCRemoteSwiftPackageReference;
			repositoryURL = "https://github.com/firebase/firebase-ios-sdk";
			requirement = {
				kind = upToNextMajorVersion;
				minimumVersion = 9.0.0;
			};
		};
/* End XCRemoteSwiftPackageReference section */

/* Begin XCSwiftPackageProductDependency section */
		F71622B829DE220A0023474D /* FirebaseAnalytics */ = {
			isa = XCSwiftPackageProductDependency;
			package = F71622B729DE220A0023474D /* XCRemoteSwiftPackageReference "firebase-ios-sdk" */;
			productName = FirebaseAnalytics;
		};
		F71622BA29DE220A0023474D /* FirebaseFirestore */ = {
			isa = XCSwiftPackageProductDependency;
			package = F71622B729DE220A0023474D /* XCRemoteSwiftPackageReference "firebase-ios-sdk" */;
			productName = FirebaseFirestore;
		};
		F71622CF29E0BD0B0023474D /* FirebaseFirestoreSwift */ = {
			isa = XCSwiftPackageProductDependency;
			package = F71622B729DE220A0023474D /* XCRemoteSwiftPackageReference "firebase-ios-sdk" */;
			productName = FirebaseFirestoreSwift;
		};
		F7CE91172A2BA0B8000063B6 /* FirebaseAuth */ = {
			isa = XCSwiftPackageProductDependency;
			package = F71622B729DE220A0023474D /* XCRemoteSwiftPackageReference "firebase-ios-sdk" */;
			productName = FirebaseAuth;
		};
		F7CE91192A2BA375000063B6 /* FirebaseStorage */ = {
			isa = XCSwiftPackageProductDependency;
			package = F71622B729DE220A0023474D /* XCRemoteSwiftPackageReference "firebase-ios-sdk" */;
			productName = FirebaseStorage;
		};
/* End XCSwiftPackageProductDependency section */
	};
	rootObject = 2DFE96D92998F49C00244576 /* Project object */;
}
